// !$*UTF8*$!
{
	archiveVersion = 1;
	classes = {
	};
	objectVersion = 56;
	objects = {

/* Begin PBXBuildFile section */
		DD30F1432B5B138100A56864 /* Test_Jun_AppApp.swift in Sources */ = {isa = PBXBuildFile; fileRef = DD30F1422B5B138100A56864 /* Test_Jun_AppApp.swift */; };
		DD30F1452B5B138100A56864 /* ContentView.swift in Sources */ = {isa = PBXBuildFile; fileRef = DD30F1442B5B138100A56864 /* ContentView.swift */; };
		DD30F1472B5B138B00A56864 /* Assets.xcassets in Resources */ = {isa = PBXBuildFile; fileRef = DD30F1462B5B138B00A56864 /* Assets.xcassets */; };
		DD30F14A2B5B138B00A56864 /* Preview Assets.xcassets in Resources */ = {isa = PBXBuildFile; fileRef = DD30F1492B5B138B00A56864 /* Preview Assets.xcassets */; };
		DD30F1532B5BBFC200A56864 /* Combine_numbers.swift in Sources */ = {isa = PBXBuildFile; fileRef = DD30F1522B5BBFC200A56864 /* Combine_numbers.swift */; };
		DD30F1552B5BC35F00A56864 /* Hotels.swift in Sources */ = {isa = PBXBuildFile; fileRef = DD30F1542B5BC35F00A56864 /* Hotels.swift */; };
		DD30F1572B5BC36800A56864 /* Rooms.swift in Sources */ = {isa = PBXBuildFile; fileRef = DD30F1562B5BC36800A56864 /* Rooms.swift */; };
/* End PBXBuildFile section */

/* Begin PBXFileReference section */
		DD30F13F2B5B138100A56864 /* Test_Jun_App.app */ = {isa = PBXFileReference; explicitFileType = wrapper.application; includeInIndex = 0; path = Test_Jun_App.app; sourceTree = BUILT_PRODUCTS_DIR; };
		DD30F1422B5B138100A56864 /* Test_Jun_AppApp.swift */ = {isa = PBXFileReference; lastKnownFileType = sourcecode.swift; path = Test_Jun_AppApp.swift; sourceTree = "<group>"; };
		DD30F1442B5B138100A56864 /* ContentView.swift */ = {isa = PBXFileReference; lastKnownFileType = sourcecode.swift; path = ContentView.swift; sourceTree = "<group>"; };
		DD30F1462B5B138B00A56864 /* Assets.xcassets */ = {isa = PBXFileReference; lastKnownFileType = folder.assetcatalog; path = Assets.xcassets; sourceTree = "<group>"; };
		DD30F1492B5B138B00A56864 /* Preview Assets.xcassets */ = {isa = PBXFileReference; lastKnownFileType = folder.assetcatalog; path = "Preview Assets.xcassets"; sourceTree = "<group>"; };
		DD30F1522B5BBFC200A56864 /* Combine_numbers.swift */ = {isa = PBXFileReference; lastKnownFileType = sourcecode.swift; path = Combine_numbers.swift; sourceTree = "<group>"; };
		DD30F1542B5BC35F00A56864 /* Hotels.swift */ = {isa = PBXFileReference; lastKnownFileType = sourcecode.swift; path = Hotels.swift; sourceTree = "<group>"; };
		DD30F1562B5BC36800A56864 /* Rooms.swift */ = {isa = PBXFileReference; lastKnownFileType = sourcecode.swift; path = Rooms.swift; sourceTree = "<group>"; };
/* End PBXFileReference section */

/* Begin PBXFrameworksBuildPhase section */
		DD30F13C2B5B138100A56864 /* Frameworks */ = {
			isa = PBXFrameworksBuildPhase;
			buildActionMask = 2147483647;
			files = (
			);
			runOnlyForDeploymentPostprocessing = 0;
		};
/* End PBXFrameworksBuildPhase section */

/* Begin PBXGroup section */
		DD30F1362B5B138000A56864 = {
			isa = PBXGroup;
			children = (
				DD30F1412B5B138100A56864 /* Test_Jun_App */,
				DD30F1402B5B138100A56864 /* Products */,
			);
			sourceTree = "<group>";
		};
		DD30F1402B5B138100A56864 /* Products */ = {
			isa = PBXGroup;
			children = (
				DD30F13F2B5B138100A56864 /* Test_Jun_App.app */,
			);
			name = Products;
			sourceTree = "<group>";
		};
		DD30F1412B5B138100A56864 /* Test_Jun_App */ = {
			isa = PBXGroup;
			children = (
				DD30F1422B5B138100A56864 /* Test_Jun_AppApp.swift */,
				DD30F1512B5BBF6100A56864 /* View */,
				DD30F1502B5BBF5200A56864 /* Model */,
				DD30F1462B5B138B00A56864 /* Assets.xcassets */,
				DD30F1482B5B138B00A56864 /* Preview Content */,
			);
			path = Test_Jun_App;
			sourceTree = "<group>";
		};
		DD30F1482B5B138B00A56864 /* Preview Content */ = {
			isa = PBXGroup;
			children = (
				DD30F1492B5B138B00A56864 /* Preview Assets.xcassets */,
			);
			path = "Preview Content";
			sourceTree = "<group>";
		};
		DD30F1502B5BBF5200A56864 /* Model */ = {
			isa = PBXGroup;
			children = (
				DD30F1522B5BBFC200A56864 /* Combine_numbers.swift */,
				DD30F1542B5BC35F00A56864 /* Hotels.swift */,
				DD30F1562B5BC36800A56864 /* Rooms.swift */,
			);
			path = Model;
			sourceTree = "<group>";
		};
		DD30F1512B5BBF6100A56864 /* View */ = {
			isa = PBXGroup;
			children = (
				DD30F1442B5B138100A56864 /* ContentView.swift */,
			);
			path = View;
			sourceTree = "<group>";
		};
/* End PBXGroup section */

/* Begin PBXNativeTarget section */
		DD30F13E2B5B138100A56864 /* Test_Jun_App */ = {
			isa = PBXNativeTarget;
			buildConfigurationList = DD30F14D2B5B138B00A56864 /* Build configuration list for PBXNativeTarget "Test_Jun_App" */;
			buildPhases = (
				DD30F13B2B5B138100A56864 /* Sources */,
				DD30F13C2B5B138100A56864 /* Frameworks */,
				DD30F13D2B5B138100A56864 /* Resources */,
			);
			buildRules = (
			);
			dependencies = (
			);
			name = Test_Jun_App;
			productName = Test_Jun_App;
			productReference = DD30F13F2B5B138100A56864 /* Test_Jun_App.app */;
			productType = "com.apple.product-type.application";
		};
/* End PBXNativeTarget section */

/* Begin PBXProject section */
		DD30F1372B5B138000A56864 /* Project object */ = {
			isa = PBXProject;
			attributes = {
				BuildIndependentTargetsInParallel = 1;
				LastSwiftUpdateCheck = 1520;
				LastUpgradeCheck = 1520;
				TargetAttributes = {
					DD30F13E2B5B138100A56864 = {
						CreatedOnToolsVersion = 15.2;
					};
				};
			};
			buildConfigurationList = DD30F13A2B5B138100A56864 /* Build configuration list for PBXProject "Test_Jun_App" */;
			compatibilityVersion = "Xcode 14.0";
			developmentRegion = en;
			hasScannedForEncodings = 0;
			knownRegions = (
				en,
				Base,
			);
			mainGroup = DD30F1362B5B138000A56864;
			productRefGroup = DD30F1402B5B138100A56864 /* Products */;
			projectDirPath = "";
			projectRoot = "";
			targets = (
				DD30F13E2B5B138100A56864 /* Test_Jun_App */,
			);
		};
/* End PBXProject section */

/* Begin PBXResourcesBuildPhase section */
		DD30F13D2B5B138100A56864 /* Resources */ = {
			isa = PBXResourcesBuildPhase;
			buildActionMask = 2147483647;
			files = (
				DD30F14A2B5B138B00A56864 /* Preview Assets.xcassets in Resources */,
				DD30F1472B5B138B00A56864 /* Assets.xcassets in Resources */,
			);
			runOnlyForDeploymentPostprocessing = 0;
		};
/* End PBXResourcesBuildPhase section */

/* Begin PBXSourcesBuildPhase section */
		DD30F13B2B5B138100A56864 /* Sources */ = {
			isa = PBXSourcesBuildPhase;
			buildActionMask = 2147483647;
			files = (
				DD30F1452B5B138100A56864 /* ContentView.swift in Sources */,
				DD30F1532B5BBFC200A56864 /* Combine_numbers.swift in Sources */,
				DD30F1552B5BC35F00A56864 /* Hotels.swift in Sources */,
				DD30F1432B5B138100A56864 /* Test_Jun_AppApp.swift in Sources */,
				DD30F1572B5BC36800A56864 /* Rooms.swift in Sources */,
			);
			runOnlyForDeploymentPostprocessing = 0;
		};
/* End PBXSourcesBuildPhase section */

/* Begin XCBuildConfiguration section */
		DD30F14B2B5B138B00A56864 /* Debug */ = {
			isa = XCBuildConfiguration;
			buildSettings = {
				ALWAYS_SEARCH_USER_PATHS = NO;
				ASSETCATALOG_COMPILER_GENERATE_SWIFT_ASSET_SYMBOL_EXTENSIONS = YES;
				CLANG_ANALYZER_NONNULL = YES;
				CLANG_ANALYZER_NUMBER_OBJECT_CONVERSION = YES_AGGRESSIVE;
				CLANG_CXX_LANGUAGE_STANDARD = "gnu++20";
				CLANG_ENABLE_MODULES = YES;
				CLANG_ENABLE_OBJC_ARC = YES;
				CLANG_ENABLE_OBJC_WEAK = YES;
				CLANG_WARN_BLOCK_CAPTURE_AUTORELEASING = YES;
				CLANG_WARN_BOOL_CONVERSION = YES;
				CLANG_WARN_COMMA = YES;
				CLANG_WARN_CONSTANT_CONVERSION = YES;
				CLANG_WARN_DEPRECATED_OBJC_IMPLEMENTATIONS = YES;
				CLANG_WARN_DIRECT_OBJC_ISA_USAGE = YES_ERROR;
				CLANG_WARN_DOCUMENTATION_COMMENTS = YES;
				CLANG_WARN_EMPTY_BODY = YES;
				CLANG_WARN_ENUM_CONVERSION = YES;
				CLANG_WARN_INFINITE_RECURSION = YES;
				CLANG_WARN_INT_CONVERSION = YES;
				CLANG_WARN_NON_LITERAL_NULL_CONVERSION = YES;
				CLANG_WARN_OBJC_IMPLICIT_RETAIN_SELF = YES;
				CLANG_WARN_OBJC_LITERAL_CONVERSION = YES;
				CLANG_WARN_OBJC_ROOT_CLASS = YES_ERROR;
				CLANG_WARN_QUOTED_INCLUDE_IN_FRAMEWORK_HEADER = YES;
				CLANG_WARN_RANGE_LOOP_ANALYSIS = YES;
				CLANG_WARN_STRICT_PROTOTYPES = YES;
				CLANG_WARN_SUSPICIOUS_MOVE = YES;
				CLANG_WARN_UNGUARDED_AVAILABILITY = YES_AGGRESSIVE;
				CLANG_WARN_UNREACHABLE_CODE = YES;
				CLANG_WARN__DUPLICATE_METHOD_MATCH = YES;
				COPY_PHASE_STRIP = NO;
				DEBUG_INFORMATION_FORMAT = dwarf;
				ENABLE_STRICT_OBJC_MSGSEND = YES;
				ENABLE_TESTABILITY = YES;
				ENABLE_USER_SCRIPT_SANDBOXING = YES;
				GCC_C_LANGUAGE_STANDARD = gnu17;
				GCC_DYNAMIC_NO_PIC = NO;
				GCC_NO_COMMON_BLOCKS = YES;
				GCC_OPTIMIZATION_LEVEL = 0;
				GCC_PREPROCESSOR_DEFINITIONS = (
					"DEBUG=1",
					"$(inherited)",
				);
				GCC_WARN_64_TO_32_BIT_CONVERSION = YES;
				GCC_WARN_ABOUT_RETURN_TYPE = YES_ERROR;
				GCC_WARN_UNDECLARED_SELECTOR = YES;
				GCC_WARN_UNINITIALIZED_AUTOS = YES_AGGRESSIVE;
				GCC_WARN_UNUSED_FUNCTION = YES;
				GCC_WARN_UNUSED_VARIABLE = YES;
				IPHONEOS_DEPLOYMENT_TARGET = 17.2;
				LOCALIZATION_PREFERS_STRING_CATALOGS = YES;
				MTL_ENABLE_DEBUG_INFO = INCLUDE_SOURCE;
				MTL_FAST_MATH = YES;
				ONLY_ACTIVE_ARCH = YES;
				SDKROOT = iphoneos;
				SWIFT_ACTIVE_COMPILATION_CONDITIONS = "DEBUG $(inherited)";
				SWIFT_OPTIMIZATION_LEVEL = "-Onone";
			};
			name = Debug;
		};
		DD30F14C2B5B138B00A56864 /* Release */ = {
			isa = XCBuildConfiguration;
			buildSettings = {
				ALWAYS_SEARCH_USER_PATHS = NO;
				ASSETCATALOG_COMPILER_GENERATE_SWIFT_ASSET_SYMBOL_EXTENSIONS = YES;
				CLANG_ANALYZER_NONNULL = YES;
				CLANG_ANALYZER_NUMBER_OBJECT_CONVERSION = YES_AGGRESSIVE;
				CLANG_CXX_LANGUAGE_STANDARD = "gnu++20";
				CLANG_ENABLE_MODULES = YES;
				CLANG_ENABLE_OBJC_ARC = YES;
				CLANG_ENABLE_OBJC_WEAK = YES;
				CLANG_WARN_BLOCK_CAPTURE_AUTORELEASING = YES;
				CLANG_WARN_BOOL_CONVERSION = YES;
				CLANG_WARN_COMMA = YES;
				CLANG_WARN_CONSTANT_CONVERSION = YES;
				CLANG_WARN_DEPRECATED_OBJC_IMPLEMENTATIONS = YES;
				CLANG_WARN_DIRECT_OBJC_ISA_USAGE = YES_ERROR;
				CLANG_WARN_DOCUMENTATION_COMMENTS = YES;
				CLANG_WARN_EMPTY_BODY = YES;
				CLANG_WARN_ENUM_CONVERSION = YES;
				CLANG_WARN_INFINITE_RECURSION = YES;
				CLANG_WARN_INT_CONVERSION = YES;
				CLANG_WARN_NON_LITERAL_NULL_CONVERSION = YES;
				CLANG_WARN_OBJC_IMPLICIT_RETAIN_SELF = YES;
				CLANG_WARN_OBJC_LITERAL_CONVERSION = YES;
				CLANG_WARN_OBJC_ROOT_CLASS = YES_ERROR;
				CLANG_WARN_QUOTED_INCLUDE_IN_FRAMEWORK_HEADER = YES;
				CLANG_WARN_RANGE_LOOP_ANALYSIS = YES;
				CLANG_WARN_STRICT_PROTOTYPES = YES;
				CLANG_WARN_SUSPICIOUS_MOVE = YES;
				CLANG_WARN_UNGUARDED_AVAILABILITY = YES_AGGRESSIVE;
				CLANG_WARN_UNREACHABLE_CODE = YES;
				CLANG_WARN__DUPLICATE_METHOD_MATCH = YES;
				COPY_PHASE_STRIP = NO;
				DEBUG_INFORMATION_FORMAT = "dwarf-with-dsym";
				ENABLE_NS_ASSERTIONS = NO;
				ENABLE_STRICT_OBJC_MSGSEND = YES;
				ENABLE_USER_SCRIPT_SANDBOXING = YES;
				GCC_C_LANGUAGE_STANDARD = gnu17;
				GCC_NO_COMMON_BLOCKS = YES;
				GCC_WARN_64_TO_32_BIT_CONVERSION = YES;
				GCC_WARN_ABOUT_RETURN_TYPE = YES_ERROR;
				GCC_WARN_UNDECLARED_SELECTOR = YES;
				GCC_WARN_UNINITIALIZED_AUTOS = YES_AGGRESSIVE;
				GCC_WARN_UNUSED_FUNCTION = YES;
				GCC_WARN_UNUSED_VARIABLE = YES;
				IPHONEOS_DEPLOYMENT_TARGET = 17.2;
				LOCALIZATION_PREFERS_STRING_CATALOGS = YES;
				MTL_ENABLE_DEBUG_INFO = NO;
				MTL_FAST_MATH = YES;
				SDKROOT = iphoneos;
				SWIFT_COMPILATION_MODE = wholemodule;
				VALIDATE_PRODUCT = YES;
			};
			name = Release;
		};
		DD30F14E2B5B138B00A56864 /* Debug */ = {
			isa = XCBuildConfiguration;
			buildSettings = {
				ASSETCATALOG_COMPILER_APPICON_NAME = AppIcon;
				ASSETCATALOG_COMPILER_GLOBAL_ACCENT_COLOR_NAME = AccentColor;
				CODE_SIGN_STYLE = Automatic;
				CURRENT_PROJECT_VERSION = 1;
				DEVELOPMENT_ASSET_PATHS = "\"Test_Jun_App/Preview Content\"";
				DEVELOPMENT_TEAM = 24DCQ627H6;
				ENABLE_PREVIEWS = YES;
				GENERATE_INFOPLIST_FILE = YES;
				INFOPLIST_KEY_UIApplicationSceneManifest_Generation = YES;
				INFOPLIST_KEY_UIApplicationSupportsIndirectInputEvents = YES;
				INFOPLIST_KEY_UILaunchScreen_Generation = YES;
				INFOPLIST_KEY_UISupportedInterfaceOrientations_iPad = "UIInterfaceOrientationPortrait UIInterfaceOrientationPortraitUpsideDown UIInterfaceOrientationLandscapeLeft UIInterfaceOrientationLandscapeRight";
				INFOPLIST_KEY_UISupportedInterfaceOrientations_iPhone = "UIInterfaceOrientationPortrait UIInterfaceOrientationLandscapeLeft UIInterfaceOrientationLandscapeRight";
				LD_RUNPATH_SEARCH_PATHS = (
					"$(inherited)",
					"@executable_path/Frameworks",
				);
				MARKETING_VERSION = 1.0;
				PRODUCT_BUNDLE_IDENTIFIER = "my.Test-Jun-App";
				PRODUCT_NAME = "$(TARGET_NAME)";
				SWIFT_EMIT_LOC_STRINGS = YES;
				SWIFT_VERSION = 5.0;
				TARGETED_DEVICE_FAMILY = "1,2";
			};
			name = Debug;
		};
		DD30F14F2B5B138B00A56864 /* Release */ = {
			isa = XCBuildConfiguration;
			buildSettings = {
				ASSETCATALOG_COMPILER_APPICON_NAME = AppIcon;
				ASSETCATALOG_COMPILER_GLOBAL_ACCENT_COLOR_NAME = AccentColor;
				CODE_SIGN_STYLE = Automatic;
				CURRENT_PROJECT_VERSION = 1;
				DEVELOPMENT_ASSET_PATHS = "\"Test_Jun_App/Preview Content\"";
				DEVELOPMENT_TEAM = 24DCQ627H6;
				ENABLE_PREVIEWS = YES;
				GENERATE_INFOPLIST_FILE = YES;
				INFOPLIST_KEY_UIApplicationSceneManifest_Generation = YES;
				INFOPLIST_KEY_UIApplicationSupportsIndirectInputEvents = YES;
				INFOPLIST_KEY_UILaunchScreen_Generation = YES;
				INFOPLIST_KEY_UISupportedInterfaceOrientations_iPad = "UIInterfaceOrientationPortrait UIInterfaceOrientationPortraitUpsideDown UIInterfaceOrientationLandscapeLeft UIInterfaceOrientationLandscapeRight";
				INFOPLIST_KEY_UISupportedInterfaceOrientations_iPhone = "UIInterfaceOrientationPortrait UIInterfaceOrientationLandscapeLeft UIInterfaceOrientationLandscapeRight";
				LD_RUNPATH_SEARCH_PATHS = (
					"$(inherited)",
					"@executable_path/Frameworks",
				);
				MARKETING_VERSION = 1.0;
				PRODUCT_BUNDLE_IDENTIFIER = "my.Test-Jun-App";
				PRODUCT_NAME = "$(TARGET_NAME)";
				SWIFT_EMIT_LOC_STRINGS = YES;
				SWIFT_VERSION = 5.0;
				TARGETED_DEVICE_FAMILY = "1,2";
			};
			name = Release;
		};
/* End XCBuildConfiguration section */

/* Begin XCConfigurationList section */
		DD30F13A2B5B138100A56864 /* Build configuration list for PBXProject "Test_Jun_App" */ = {
			isa = XCConfigurationList;
			buildConfigurations = (
				DD30F14B2B5B138B00A56864 /* Debug */,
				DD30F14C2B5B138B00A56864 /* Release */,
			);
			defaultConfigurationIsVisible = 0;
			defaultConfigurationName = Release;
		};
		DD30F14D2B5B138B00A56864 /* Build configuration list for PBXNativeTarget "Test_Jun_App" */ = {
			isa = XCConfigurationList;
			buildConfigurations = (
				DD30F14E2B5B138B00A56864 /* Debug */,
				DD30F14F2B5B138B00A56864 /* Release */,
			);
			defaultConfigurationIsVisible = 0;
			defaultConfigurationName = Release;
		};
/* End XCConfigurationList section */
	};
	rootObject = DD30F1372B5B138000A56864 /* Project object */;
}
